
Microsoft Visual Studio Solution File, Format Version 12.00
# Visual Studio Version 16
VisualStudioVersion = 16.0.31112.23
MinimumVisualStudioVersion = 10.0.40219.1
Project("{FAE04EC0-301F-11D3-BF4B-00C04F79EFBC}") = "CPUtemp", "CPUtemp\CPUtemp.csproj", "{78964139-69A0-4312-A681-970E1BC0E468}"
EndProject
Global
	GlobalSection(SolutionConfigurationPlatforms) = preSolution
		Debug|Any CPU = Debug|Any CPU
		Release|Any CPU = Release|Any CPU
	EndGlobalSection
	GlobalSection(ProjectConfigurationPlatforms) = postSolution
		{78964139-69A0-4312-A681-970E1BC0E468}.Debug|Any CPU.ActiveCfg = Debug|Any CPU
		{78964139-69A0-4312-A681-970E1BC0E468}.Debug|Any CPU.Build.0 = Debug|Any CPU
		{78964139-69A0-4312-A681-970E1BC0E468}.Release|Any CPU.ActiveCfg = Release|Any CPU
		{78964139-69A0-4312-A681-970E1BC0E468}.Release|Any CPU.Build.0 = Release|Any CPU
	EndGlobalSection
	GlobalSection(SolutionProperties) = preSolution
		HideSolutionNode = FALSE
	EndGlobalSection
	GlobalSection(ExtensibilityGlobals) = postSolution
		SolutionGuid = {C95F2B30-DEC4-4FE6-9D36-D5AFC56EA6E5}
	EndGlobalSection
EndGlobal
